
Microsoft Visual Studio Solution File, Format Version 12.00
# Visual Studio Version 16
VisualStudioVersion = 16.0.29709.97
MinimumVisualStudioVersion = 10.0.40219.1
Project("{FAE04EC0-301F-11D3-BF4B-00C04F79EFBC}") = "mtanksl.ActionMessageFormat", "mtanksl.ActionMessageFormat\mtanksl.ActionMessageFormat.csproj", "{C52414C6-5154-4CB3-B85B-EE27C0F935AA}"
EndProject
Global
	GlobalSection(SolutionConfigurationPlatforms) = preSolution
		Debug|Any CPU = Debug|Any CPU
		Release|Any CPU = Release|Any CPU
	EndGlobalSection
	GlobalSection(ProjectConfigurationPlatforms) = postSolution
		{C52414C6-5154-4CB3-B85B-EE27C0F935AA}.Debug|Any CPU.ActiveCfg = Debug|Any CPU
		{C52414C6-5154-4CB3-B85B-EE27C0F935AA}.Debug|Any CPU.Build.0 = Debug|Any CPU
		{C52414C6-5154-4CB3-B85B-EE27C0F935AA}.Release|Any CPU.ActiveCfg = Release|Any CPU
		{C52414C6-5154-4CB3-B85B-EE27C0F935AA}.Release|Any CPU.Build.0 = Release|Any CPU
	EndGlobalSection
	GlobalSection(SolutionProperties) = preSolution
		HideSolutionNode = FALSE
	EndGlobalSection
	GlobalSection(ExtensibilityGlobals) = postSolution
		SolutionGuid = {91FAEF48-088D-489D-9680-D86A48E2D5BC}
	EndGlobalSection
EndGlobal
